
Microsoft Visual Studio Solution File, Format Version 12.00
# Visual Studio Version 16
VisualStudioVersion = 16.0.30907.101
MinimumVisualStudioVersion = 10.0.40219.1
Project("{FAE04EC0-301F-11D3-BF4B-00C04F79EFBC}") = "GenomeReader", "Genome Reader\GenomeReader.csproj", "{E5C08A7C-ABB5-4FB6-88B2-86C7B5B8FD3A}"
EndProject
Global
	GlobalSection(SolutionConfigurationPlatforms) = preSolution
		Debug|Any CPU = Debug|Any CPU
		Release|Any CPU = Release|Any CPU
	EndGlobalSection
	GlobalSection(ProjectConfigurationPlatforms) = postSolution
		{E5C08A7C-ABB5-4FB6-88B2-86C7B5B8FD3A}.Debug|Any CPU.ActiveCfg = Debug|Any CPU
		{E5C08A7C-ABB5-4FB6-88B2-86C7B5B8FD3A}.Debug|Any CPU.Build.0 = Debug|Any CPU
		{E5C08A7C-ABB5-4FB6-88B2-86C7B5B8FD3A}.Release|Any CPU.ActiveCfg = Release|Any CPU
		{E5C08A7C-ABB5-4FB6-88B2-86C7B5B8FD3A}.Release|Any CPU.Build.0 = Release|Any CPU
	EndGlobalSection
	GlobalSection(SolutionProperties) = preSolution
		HideSolutionNode = FALSE
	EndGlobalSection
	GlobalSection(ExtensibilityGlobals) = postSolution
		SolutionGuid = {9ED33191-9474-4CBB-AA91-CDE4E0C082F5}
	EndGlobalSection
EndGlobal
